
Microsoft Visual Studio Solution File, Format Version 12.00
# Visual Studio Version 17
VisualStudioVersion = 17.8.34330.188
MinimumVisualStudioVersion = 10.0.40219.1
Project("{9A19103F-16F7-4668-BE54-9A1E7A4F7556}") = "TraversalCoreProje", "TraversalCoreProje\TraversalCoreProje.csproj", "{86F3AD84-4FA0-4DA5-9CA2-2679943D3308}"
EndProject
Project("{9A19103F-16F7-4668-BE54-9A1E7A4F7556}") = "EntityLayer", "EntityLayer\EntityLayer.csproj", "{6F6C60CE-1848-47EF-A345-C9B9BECCFD15}"
EndProject
Project("{9A19103F-16F7-4668-BE54-9A1E7A4F7556}") = "DataAccessLayer", "DataAccessLayer\DataAccessLayer.csproj", "{0DDFC25D-7AC6-48D3-8217-12E2C31A3122}"
EndProject
Project("{9A19103F-16F7-4668-BE54-9A1E7A4F7556}") = "BusinessLayer", "BusinessLayer\BusinessLayer.csproj", "{08CC5283-D08B-49D9-B2A4-F1530CE3567E}"
EndProject
Project("{FAE04EC0-301F-11D3-BF4B-00C04F79EFBC}") = "DTOLayer", "DTOLayer\DTOLayer.csproj", "{22C840A9-50E8-44BE-8CAE-B10897569AE0}"
EndProject
Global
	GlobalSection(SolutionConfigurationPlatforms) = preSolution
		Debug|Any CPU = Debug|Any CPU
		Release|Any CPU = Release|Any CPU
	EndGlobalSection
	GlobalSection(ProjectConfigurationPlatforms) = postSolution
		{86F3AD84-4FA0-4DA5-9CA2-2679943D3308}.Debug|Any CPU.ActiveCfg = Debug|Any CPU
		{86F3AD84-4FA0-4DA5-9CA2-2679943D3308}.Debug|Any CPU.Build.0 = Debug|Any CPU
		{86F3AD84-4FA0-4DA5-9CA2-2679943D3308}.Release|Any CPU.ActiveCfg = Release|Any CPU
		{86F3AD84-4FA0-4DA5-9CA2-2679943D3308}.Release|Any CPU.Build.0 = Release|Any CPU
		{6F6C60CE-1848-47EF-A345-C9B9BECCFD15}.Debug|Any CPU.ActiveCfg = Debug|Any CPU
		{6F6C60CE-1848-47EF-A345-C9B9BECCFD15}.Debug|Any CPU.Build.0 = Debug|Any CPU
		{6F6C60CE-1848-47EF-A345-C9B9BECCFD15}.Release|Any CPU.ActiveCfg = Release|Any CPU
		{6F6C60CE-1848-47EF-A345-C9B9BECCFD15}.Release|Any CPU.Build.0 = Release|Any CPU
		{0DDFC25D-7AC6-48D3-8217-12E2C31A3122}.Debug|Any CPU.ActiveCfg = Debug|Any CPU
		{0DDFC25D-7AC6-48D3-8217-12E2C31A3122}.Debug|Any CPU.Build.0 = Debug|Any CPU
		{0DDFC25D-7AC6-48D3-8217-12E2C31A3122}.Release|Any CPU.ActiveCfg = Release|Any CPU
		{0DDFC25D-7AC6-48D3-8217-12E2C31A3122}.Release|Any CPU.Build.0 = Release|Any CPU
		{08CC5283-D08B-49D9-B2A4-F1530CE3567E}.Debug|Any CPU.ActiveCfg = Debug|Any CPU
		{08CC5283-D08B-49D9-B2A4-F1530CE3567E}.Debug|Any CPU.Build.0 = Debug|Any CPU
		{08CC5283-D08B-49D9-B2A4-F1530CE3567E}.Release|Any CPU.ActiveCfg = Release|Any CPU
		{08CC5283-D08B-49D9-B2A4-F1530CE3567E}.Release|Any CPU.Build.0 = Release|Any CPU
		{22C840A9-50E8-44BE-8CAE-B10897569AE0}.Debug|Any CPU.ActiveCfg = Debug|Any CPU
		{22C840A9-50E8-44BE-8CAE-B10897569AE0}.Debug|Any CPU.Build.0 = Debug|Any CPU
		{22C840A9-50E8-44BE-8CAE-B10897569AE0}.Release|Any CPU.ActiveCfg = Release|Any CPU
		{22C840A9-50E8-44BE-8CAE-B10897569AE0}.Release|Any CPU.Build.0 = Release|Any CPU
	EndGlobalSection
	GlobalSection(SolutionProperties) = preSolution
		HideSolutionNode = FALSE
	EndGlobalSection
	GlobalSection(ExtensibilityGlobals) = postSolution
		SolutionGuid = {8F21AFD5-FC7D-4BE3-BDBA-E3E407442C3D}
	EndGlobalSection
EndGlobal
